lockfileVersion: '9.0'

settings:
  autoInstallPeers: true
  excludeLinksFromLockfile: false

importers:

  .:
    devDependencies:
      jpeg-js:
        specifier: ^0.4.4
        version: 0.4.4
      pako:
        specifier: ^3.0.2
        version: 3.0.2
      upng-js:
        specifier: ^2.1.0
        version: 2.1.0

packages:

  jpeg-js@0.4.4:
    resolution: {integrity: sha512-WZzeDOEtTOBK4Mdsar0IqEU5sMr3vSV2RqkAIzUEV2BHnUfKGyswWFPFwK5EeDo93K3FohSHbLAjj0s1Wzd+dg==}

  pako@1.0.11:
    resolution: {integrity: sha512-4hLB8Py4zZce5s4yd9XzopqwVv/yGNhV1Bl8NTmCq1763HeK2+EwVTv+leGeL13Dnh2wfbqowVPXCIO0z4taYw==}

  pako@3.0.2:
    resolution: {integrity: sha512-uBv6IT2aT1A78iU6dpNEbf6+CyhlV/6g9JlJs9kpgjFGFhruIICVRysF/W0SLzXg5+hCl+KroH7e4YUyfEmgLg==}

  upng-js@2.1.0:
    resolution: {integrity: sha512-d3xzZzpMP64YkjP5pr8gNyvBt7dLk/uGI67EctzDuVp4lCZyVMo0aJO6l/VDlgbInJYDY6cnClLoBp29eKWI6g==}

snapshots:

  jpeg-js@0.4.4: {}

  pako@1.0.11: {}

  pako@3.0.2: {}

  upng-js@2.1.0:
    dependencies:
      pako: 1.0.11
